
Microsoft Visual Studio Solution File, Format Version 12.00
# Visual Studio 15
VisualStudioVersion = 15.0.28307.168
MinimumVisualStudioVersion = 10.0.40219.1
Project("{FAE04EC0-301F-11D3-BF4B-00C04F79EFBC}") = "home_work1", "home_work1\home_work1.csproj", "{0CE3F680-9EBF-4420-A2E0-434547626389}"
EndProject
Global
	GlobalSection(SolutionConfigurationPlatforms) = preSolution
		Debug|Any CPU = Debug|Any CPU
		Release|Any CPU = Release|Any CPU
	EndGlobalSection
	GlobalSection(ProjectConfigurationPlatforms) = postSolution
		{0CE3F680-9EBF-4420-A2E0-434547626389}.Debug|Any CPU.ActiveCfg = Debug|Any CPU
		{0CE3F680-9EBF-4420-A2E0-434547626389}.Debug|Any CPU.Build.0 = Debug|Any CPU
		{0CE3F680-9EBF-4420-A2E0-434547626389}.Release|Any CPU.ActiveCfg = Release|Any CPU
		{0CE3F680-9EBF-4420-A2E0-434547626389}.Release|Any CPU.Build.0 = Release|Any CPU
	EndGlobalSection
	GlobalSection(SolutionProperties) = preSolution
		HideSolutionNode = FALSE
	EndGlobalSection
	GlobalSection(ExtensibilityGlobals) = postSolution
		SolutionGuid = {62845D1E-8519-4B2B-8EF6-D9498A296ABB}
	EndGlobalSection
EndGlobal
